
Microsoft Visual Studio Solution File, Format Version 12.00
# Visual Studio Version 17
VisualStudioVersion = 17.11.35219.272
MinimumVisualStudioVersion = 10.0.40219.1
Project("{9A19103F-16F7-4668-BE54-9A1E7A4F7556}") = "OTPSimulation", "OTPSimulation\OTPSimulation.csproj", "{BA856C1F-9907-4C62-B455-C91B259ADEE2}"
EndProject
Project("{FAE04EC0-301F-11D3-BF4B-00C04F79EFBC}") = "OTPSimulationUnitTest", "OTPSimulationUnitTest\OTPSimulationUnitTest.csproj", "{6C649CA3-106C-4D68-8834-52C14377EC51}"
	ProjectSection(ProjectDependencies) = postProject
		{BA856C1F-9907-4C62-B455-C91B259ADEE2} = {BA856C1F-9907-4C62-B455-C91B259ADEE2}
	EndProjectSection
EndProject
Global
	GlobalSection(SolutionConfigurationPlatforms) = preSolution
		Debug|Any CPU = Debug|Any CPU
		Release|Any CPU = Release|Any CPU
	EndGlobalSection
	GlobalSection(ProjectConfigurationPlatforms) = postSolution
		{BA856C1F-9907-4C62-B455-C91B259ADEE2}.Debug|Any CPU.ActiveCfg = Debug|Any CPU
		{BA856C1F-9907-4C62-B455-C91B259ADEE2}.Debug|Any CPU.Build.0 = Debug|Any CPU
		{BA856C1F-9907-4C62-B455-C91B259ADEE2}.Release|Any CPU.ActiveCfg = Release|Any CPU
		{BA856C1F-9907-4C62-B455-C91B259ADEE2}.Release|Any CPU.Build.0 = Release|Any CPU
		{6C649CA3-106C-4D68-8834-52C14377EC51}.Debug|Any CPU.ActiveCfg = Debug|Any CPU
		{6C649CA3-106C-4D68-8834-52C14377EC51}.Debug|Any CPU.Build.0 = Debug|Any CPU
		{6C649CA3-106C-4D68-8834-52C14377EC51}.Release|Any CPU.ActiveCfg = Release|Any CPU
		{6C649CA3-106C-4D68-8834-52C14377EC51}.Release|Any CPU.Build.0 = Release|Any CPU
	EndGlobalSection
	GlobalSection(SolutionProperties) = preSolution
		HideSolutionNode = FALSE
	EndGlobalSection
	GlobalSection(ExtensibilityGlobals) = postSolution
		SolutionGuid = {89C5DC8F-E8E2-4D2F-ADB8-6CC30743262F}
	EndGlobalSection
EndGlobal
